
Microsoft Visual Studio Solution File, Format Version 12.00
# Visual Studio Version 17
VisualStudioVersion = 17.9.34728.123
MinimumVisualStudioVersion = 10.0.40219.1
Project("{FAE04EC0-301F-11D3-BF4B-00C04F79EFBC}") = "VendTech", "VendTech\VendTech.csproj", "{CE3C5D62-3495-41F2-9E2D-3A6379C93FC9}"
EndProject
Project("{FAE04EC0-301F-11D3-BF4B-00C04F79EFBC}") = "VendTech.BLL", "VendTech.BLL\VendTech.BLL.csproj", "{FA1C6F91-21F7-4318-95A6-06624EC3BB52}"
EndProject
Project("{FAE04EC0-301F-11D3-BF4B-00C04F79EFBC}") = "VendTech.DAL", "VendTech.DAL\VendTech.DAL.csproj", "{630910CD-1125-4E90-86DF-9B42B0E82DE2}"
EndProject
Project("{FAE04EC0-301F-11D3-BF4B-00C04F79EFBC}") = "VendTech.Framework", "VendTech.Framework\VendTech.Framework.csproj", "{4BFFEEFC-602A-4AE3-9614-D5C75F3F3B2B}"
EndProject
Global
	GlobalSection(SolutionConfigurationPlatforms) = preSolution
		Debug|Any CPU = Debug|Any CPU
		Release|Any CPU = Release|Any CPU
	EndGlobalSection
	GlobalSection(ProjectConfigurationPlatforms) = postSolution
		{CE3C5D62-3495-41F2-9E2D-3A6379C93FC9}.Debug|Any CPU.ActiveCfg = Debug|Any CPU
		{CE3C5D62-3495-41F2-9E2D-3A6379C93FC9}.Debug|Any CPU.Build.0 = Debug|Any CPU
		{CE3C5D62-3495-41F2-9E2D-3A6379C93FC9}.Release|Any CPU.ActiveCfg = Release|Any CPU
		{CE3C5D62-3495-41F2-9E2D-3A6379C93FC9}.Release|Any CPU.Build.0 = Release|Any CPU
		{FA1C6F91-21F7-4318-95A6-06624EC3BB52}.Debug|Any CPU.ActiveCfg = Debug|Any CPU
		{FA1C6F91-21F7-4318-95A6-06624EC3BB52}.Debug|Any CPU.Build.0 = Debug|Any CPU
		{FA1C6F91-21F7-4318-95A6-06624EC3BB52}.Release|Any CPU.ActiveCfg = Release|Any CPU
		{FA1C6F91-21F7-4318-95A6-06624EC3BB52}.Release|Any CPU.Build.0 = Release|Any CPU
		{630910CD-1125-4E90-86DF-9B42B0E82DE2}.Debug|Any CPU.ActiveCfg = Debug|Any CPU
		{630910CD-1125-4E90-86DF-9B42B0E82DE2}.Debug|Any CPU.Build.0 = Debug|Any CPU
		{630910CD-1125-4E90-86DF-9B42B0E82DE2}.Release|Any CPU.ActiveCfg = Release|Any CPU
		{630910CD-1125-4E90-86DF-9B42B0E82DE2}.Release|Any CPU.Build.0 = Release|Any CPU
		{4BFFEEFC-602A-4AE3-9614-D5C75F3F3B2B}.Debug|Any CPU.ActiveCfg = Debug|Any CPU
		{4BFFEEFC-602A-4AE3-9614-D5C75F3F3B2B}.Debug|Any CPU.Build.0 = Debug|Any CPU
		{4BFFEEFC-602A-4AE3-9614-D5C75F3F3B2B}.Release|Any CPU.ActiveCfg = Release|Any CPU
		{4BFFEEFC-602A-4AE3-9614-D5C75F3F3B2B}.Release|Any CPU.Build.0 = Release|Any CPU
	EndGlobalSection
	GlobalSection(SolutionProperties) = preSolution
		HideSolutionNode = FALSE
	EndGlobalSection
	GlobalSection(ExtensibilityGlobals) = postSolution
		SolutionGuid = {B3644677-9282-4E59-948E-2B1E8B610C00}
	EndGlobalSection
EndGlobal
